// !$*UTF8*$!
{
	archiveVersion = 1;
	classes = {
	};
	objectVersion = 56;
	objects = {

/* Begin PBXBuildFile section */
		052066B7289E207000DE1A60 /* PbiRate.swift in Sources */ = {isa = PBXBuildFile; fileRef = 052066B6289E207000DE1A60 /* PbiRate.swift */; };
		052066B9289E226400DE1A60 /* pbiEvolutionChart.swift in Sources */ = {isa = PBXBuildFile; fileRef = 052066B8289E226400DE1A60 /* pbiEvolutionChart.swift */; };
		05219D4028AB483100E7995D /* HomeAdultRate.swift in Sources */ = {isa = PBXBuildFile; fileRef = 05219D3F28AB483100E7995D /* HomeAdultRate.swift */; };
		0534A65128AC6F860048B9A6 /* HomeAdultChart.swift in Sources */ = {isa = PBXBuildFile; fileRef = 0534A65028AC6F860048B9A6 /* HomeAdultChart.swift */; };
		053C530A289B534F00ADF315 /* AccessIT.swift in Sources */ = {isa = PBXBuildFile; fileRef = 053C5309289B534F00ADF315 /* AccessIT.swift */; };
		053C530C289B557E00ADF315 /* AccessItChart.swift in Sources */ = {isa = PBXBuildFile; fileRef = 053C530B289B557E00ADF315 /* AccessItChart.swift */; };
		054B914128B097F9006B78F1 /* UnemploymentRate.swift in Sources */ = {isa = PBXBuildFile; fileRef = 054B914028B097F9006B78F1 /* UnemploymentRate.swift */; };
		054B914328B0980A006B78F1 /* UnemploymentChart.swift in Sources */ = {isa = PBXBuildFile; fileRef = 054B914228B0980A006B78F1 /* UnemploymentChart.swift */; };
		056BE3CC286AB04500D17994 /* NatalityRateChart.swift in Sources */ = {isa = PBXBuildFile; fileRef = 056BE3CB286AB04500D17994 /* NatalityRateChart.swift */; };
		056BE3CE286AB09E00D17994 /* NatalityRate.swift in Sources */ = {isa = PBXBuildFile; fileRef = 056BE3CD286AB09E00D17994 /* NatalityRate.swift */; };
		0579935B28A72E8F0047061F /* PoornessRate.swift in Sources */ = {isa = PBXBuildFile; fileRef = 0579935A28A72E8F0047061F /* PoornessRate.swift */; };
		0579935D28A72EB20047061F /* PoornessChart.swift in Sources */ = {isa = PBXBuildFile; fileRef = 0579935C28A72EB20047061F /* PoornessChart.swift */; };
		05ACB47A2861521B00E9B330 /* Charts_SwiftUIApp.swift in Sources */ = {isa = PBXBuildFile; fileRef = 05ACB4792861521B00E9B330 /* Charts_SwiftUIApp.swift */; };
		05ACB47C2861521B00E9B330 /* ContentView.swift in Sources */ = {isa = PBXBuildFile; fileRef = 05ACB47B2861521B00E9B330 /* ContentView.swift */; };
		05ACB47E2861521C00E9B330 /* Assets.xcassets in Resources */ = {isa = PBXBuildFile; fileRef = 05ACB47D2861521C00E9B330 /* Assets.xcassets */; };
		05ACB4812861521C00E9B330 /* Preview Assets.xcassets in Resources */ = {isa = PBXBuildFile; fileRef = 05ACB4802861521C00E9B330 /* Preview Assets.xcassets */; };
		05ACB48B2861521D00E9B330 /* Charts_SwiftUITests.swift in Sources */ = {isa = PBXBuildFile; fileRef = 05ACB48A2861521D00E9B330 /* Charts_SwiftUITests.swift */; };
		05ACB4952861521D00E9B330 /* Charts_SwiftUIUITests.swift in Sources */ = {isa = PBXBuildFile; fileRef = 05ACB4942861521D00E9B330 /* Charts_SwiftUIUITests.swift */; };
		05ACB4972861521D00E9B330 /* Charts_SwiftUIUITestsLaunchTests.swift in Sources */ = {isa = PBXBuildFile; fileRef = 05ACB4962861521D00E9B330 /* Charts_SwiftUIUITestsLaunchTests.swift */; };
		05ACB4A52861537A00E9B330 /* CountryPopulation.swift in Sources */ = {isa = PBXBuildFile; fileRef = 05ACB4A42861537A00E9B330 /* CountryPopulation.swift */; };
		05ACB4A82861580600E9B330 /* DensityPopulationChart.swift in Sources */ = {isa = PBXBuildFile; fileRef = 05ACB4A72861580600E9B330 /* DensityPopulationChart.swift */; };
		05C9663D2898D1AD00CA1E97 /* HomeBasicService.swift in Sources */ = {isa = PBXBuildFile; fileRef = 05C9663C2898D1AD00CA1E97 /* HomeBasicService.swift */; };
		05C9663F2898D58200CA1E97 /* AvailabiltyServiceChart.swift in Sources */ = {isa = PBXBuildFile; fileRef = 05C9663E2898D58200CA1E97 /* AvailabiltyServiceChart.swift */; };
		05E489E5286810DB00E9D028 /* GrowingRateChart.swift in Sources */ = {isa = PBXBuildFile; fileRef = 05E489E4286810DB00E9D028 /* GrowingRateChart.swift */; };
		05E489E72868110D00E9D028 /* GrowingRate.swift in Sources */ = {isa = PBXBuildFile; fileRef = 05E489E62868110D00E9D028 /* GrowingRate.swift */; };
/* End PBXBuildFile section */

/* Begin PBXContainerItemProxy section */
		05ACB4872861521D00E9B330 /* PBXContainerItemProxy */ = {
			isa = PBXContainerItemProxy;
			containerPortal = 05ACB46E2861521B00E9B330 /* Project object */;
			proxyType = 1;
			remoteGlobalIDString = 05ACB4752861521B00E9B330;
			remoteInfo = "Charts-SwiftUI";
		};
		05ACB4912861521D00E9B330 /* PBXContainerItemProxy */ = {
			isa = PBXContainerItemProxy;
			containerPortal = 05ACB46E2861521B00E9B330 /* Project object */;
			proxyType = 1;
			remoteGlobalIDString = 05ACB4752861521B00E9B330;
			remoteInfo = "Charts-SwiftUI";
		};
/* End PBXContainerItemProxy section */

/* Begin PBXFileReference section */
		052066B6289E207000DE1A60 /* PbiRate.swift */ = {isa = PBXFileReference; lastKnownFileType = sourcecode.swift; path = PbiRate.swift; sourceTree = "<group>"; };
		052066B8289E226400DE1A60 /* pbiEvolutionChart.swift */ = {isa = PBXFileReference; lastKnownFileType = sourcecode.swift; path = pbiEvolutionChart.swift; sourceTree = "<group>"; };
		05219D3F28AB483100E7995D /* HomeAdultRate.swift */ = {isa = PBXFileReference; lastKnownFileType = sourcecode.swift; path = HomeAdultRate.swift; sourceTree = "<group>"; };
		0534A65028AC6F860048B9A6 /* HomeAdultChart.swift */ = {isa = PBXFileReference; lastKnownFileType = sourcecode.swift; path = HomeAdultChart.swift; sourceTree = "<group>"; };
		053C5309289B534F00ADF315 /* AccessIT.swift */ = {isa = PBXFileReference; lastKnownFileType = sourcecode.swift; path = AccessIT.swift; sourceTree = "<group>"; };
		053C530B289B557E00ADF315 /* AccessItChart.swift */ = {isa = PBXFileReference; lastKnownFileType = sourcecode.swift; path = AccessItChart.swift; sourceTree = "<group>"; };
		054B914028B097F9006B78F1 /* UnemploymentRate.swift */ = {isa = PBXFileReference; lastKnownFileType = sourcecode.swift; path = UnemploymentRate.swift; sourceTree = "<group>"; };
		054B914228B0980A006B78F1 /* UnemploymentChart.swift */ = {isa = PBXFileReference; lastKnownFileType = sourcecode.swift; path = UnemploymentChart.swift; sourceTree = "<group>"; };
		056BE3CB286AB04500D17994 /* NatalityRateChart.swift */ = {isa = PBXFileReference; lastKnownFileType = sourcecode.swift; path = NatalityRateChart.swift; sourceTree = "<group>"; };
		056BE3CD286AB09E00D17994 /* NatalityRate.swift */ = {isa = PBXFileReference; lastKnownFileType = sourcecode.swift; path = NatalityRate.swift; sourceTree = "<group>"; };
		0579935A28A72E8F0047061F /* PoornessRate.swift */ = {isa = PBXFileReference; lastKnownFileType = sourcecode.swift; path = PoornessRate.swift; sourceTree = "<group>"; };
		0579935C28A72EB20047061F /* PoornessChart.swift */ = {isa = PBXFileReference; lastKnownFileType = sourcecode.swift; path = PoornessChart.swift; sourceTree = "<group>"; };
		05ACB4762861521B00E9B330 /* Charts-SwiftUI.app */ = {isa = PBXFileReference; explicitFileType = wrapper.application; includeInIndex = 0; path = "Charts-SwiftUI.app"; sourceTree = BUILT_PRODUCTS_DIR; };
		05ACB4792861521B00E9B330 /* Charts_SwiftUIApp.swift */ = {isa = PBXFileReference; lastKnownFileType = sourcecode.swift; path = Charts_SwiftUIApp.swift; sourceTree = "<group>"; };
		05ACB47B2861521B00E9B330 /* ContentView.swift */ = {isa = PBXFileReference; lastKnownFileType = sourcecode.swift; path = ContentView.swift; sourceTree = "<group>"; };
		05ACB47D2861521C00E9B330 /* Assets.xcassets */ = {isa = PBXFileReference; lastKnownFileType = folder.assetcatalog; path = Assets.xcassets; sourceTree = "<group>"; };
		05ACB4802861521C00E9B330 /* Preview Assets.xcassets */ = {isa = PBXFileReference; lastKnownFileType = folder.assetcatalog; path = "Preview Assets.xcassets"; sourceTree = "<group>"; };
		05ACB4862861521D00E9B330 /* Charts-SwiftUITests.xctest */ = {isa = PBXFileReference; explicitFileType = wrapper.cfbundle; includeInIndex = 0; path = "Charts-SwiftUITests.xctest"; sourceTree = BUILT_PRODUCTS_DIR; };
		05ACB48A2861521D00E9B330 /* Charts_SwiftUITests.swift */ = {isa = PBXFileReference; lastKnownFileType = sourcecode.swift; path = Charts_SwiftUITests.swift; sourceTree = "<group>"; };
		05ACB4902861521D00E9B330 /* Charts-SwiftUIUITests.xctest */ = {isa = PBXFileReference; explicitFileType = wrapper.cfbundle; includeInIndex = 0; path = "Charts-SwiftUIUITests.xctest"; sourceTree = BUILT_PRODUCTS_DIR; };
		05ACB4942861521D00E9B330 /* Charts_SwiftUIUITests.swift */ = {isa = PBXFileReference; lastKnownFileType = sourcecode.swift; path = Charts_SwiftUIUITests.swift; sourceTree = "<group>"; };
		05ACB4962861521D00E9B330 /* Charts_SwiftUIUITestsLaunchTests.swift */ = {isa = PBXFileReference; lastKnownFileType = sourcecode.swift; path = Charts_SwiftUIUITestsLaunchTests.swift; sourceTree = "<group>"; };
		05ACB4A42861537A00E9B330 /* CountryPopulation.swift */ = {isa = PBXFileReference; lastKnownFileType = sourcecode.swift; path = CountryPopulation.swift; sourceTree = "<group>"; };
		05ACB4A72861580600E9B330 /* DensityPopulationChart.swift */ = {isa = PBXFileReference; lastKnownFileType = sourcecode.swift; path = DensityPopulationChart.swift; sourceTree = "<group>"; };
		05C9663C2898D1AD00CA1E97 /* HomeBasicService.swift */ = {isa = PBXFileReference; lastKnownFileType = sourcecode.swift; path = HomeBasicService.swift; sourceTree = "<group>"; };
		05C9663E2898D58200CA1E97 /* AvailabiltyServiceChart.swift */ = {isa = PBXFileReference; lastKnownFileType = sourcecode.swift; path = AvailabiltyServiceChart.swift; sourceTree = "<group>"; };
		05E489E4286810DB00E9D028 /* GrowingRateChart.swift */ = {isa = PBXFileReference; lastKnownFileType = sourcecode.swift; path = GrowingRateChart.swift; sourceTree = "<group>"; };
		05E489E62868110D00E9D028 /* GrowingRate.swift */ = {isa = PBXFileReference; lastKnownFileType = sourcecode.swift; path = GrowingRate.swift; sourceTree = "<group>"; };
/* End PBXFileReference section */

/* Begin PBXFrameworksBuildPhase section */
		05ACB4732861521B00E9B330 /* Frameworks */ = {
			isa = PBXFrameworksBuildPhase;
			buildActionMask = 2147483647;
			files = (
			);
			runOnlyForDeploymentPostprocessing = 0;
		};
		05ACB4832861521D00E9B330 /* Frameworks */ = {
			isa = PBXFrameworksBuildPhase;
			buildActionMask = 2147483647;
			files = (
			);
			runOnlyForDeploymentPostprocessing = 0;
		};
		05ACB48D2861521D00E9B330 /* Frameworks */ = {
			isa = PBXFrameworksBuildPhase;
			buildActionMask = 2147483647;
			files = (
			);
			runOnlyForDeploymentPostprocessing = 0;
		};
/* End PBXFrameworksBuildPhase section */

/* Begin PBXGroup section */
		05ACB46D2861521B00E9B330 = {
			isa = PBXGroup;
			children = (
				05ACB4782861521B00E9B330 /* Charts-SwiftUI */,
				05ACB4892861521D00E9B330 /* Charts-SwiftUITests */,
				05ACB4932861521D00E9B330 /* Charts-SwiftUIUITests */,
				05ACB4772861521B00E9B330 /* Products */,
			);
			sourceTree = "<group>";
		};
		05ACB4772861521B00E9B330 /* Products */ = {
			isa = PBXGroup;
			children = (
				05ACB4762861521B00E9B330 /* Charts-SwiftUI.app */,
				05ACB4862861521D00E9B330 /* Charts-SwiftUITests.xctest */,
				05ACB4902861521D00E9B330 /* Charts-SwiftUIUITests.xctest */,
			);
			name = Products;
			sourceTree = "<group>";
		};
		05ACB4782861521B00E9B330 /* Charts-SwiftUI */ = {
			isa = PBXGroup;
			children = (
				05ACB4A6286157F700E9B330 /* View */,
				05ACB4A3286152D800E9B330 /* Model */,
				05ACB4792861521B00E9B330 /* Charts_SwiftUIApp.swift */,
				05ACB47B2861521B00E9B330 /* ContentView.swift */,
				05ACB47D2861521C00E9B330 /* Assets.xcassets */,
				05ACB47F2861521C00E9B330 /* Preview Content */,
			);
			path = "Charts-SwiftUI";
			sourceTree = "<group>";
		};
		05ACB47F2861521C00E9B330 /* Preview Content */ = {
			isa = PBXGroup;
			children = (
				05ACB4802861521C00E9B330 /* Preview Assets.xcassets */,
			);
			path = "Preview Content";
			sourceTree = "<group>";
		};
		05ACB4892861521D00E9B330 /* Charts-SwiftUITests */ = {
			isa = PBXGroup;
			children = (
				05ACB48A2861521D00E9B330 /* Charts_SwiftUITests.swift */,
			);
			path = "Charts-SwiftUITests";
			sourceTree = "<group>";
		};
		05ACB4932861521D00E9B330 /* Charts-SwiftUIUITests */ = {
			isa = PBXGroup;
			children = (
				05ACB4942861521D00E9B330 /* Charts_SwiftUIUITests.swift */,
				05ACB4962861521D00E9B330 /* Charts_SwiftUIUITestsLaunchTests.swift */,
			);
			path = "Charts-SwiftUIUITests";
			sourceTree = "<group>";
		};
		05ACB4A3286152D800E9B330 /* Model */ = {
			isa = PBXGroup;
			children = (
				05ACB4A42861537A00E9B330 /* CountryPopulation.swift */,
				05E489E62868110D00E9D028 /* GrowingRate.swift */,
				056BE3CD286AB09E00D17994 /* NatalityRate.swift */,
				05C9663C2898D1AD00CA1E97 /* HomeBasicService.swift */,
				053C5309289B534F00ADF315 /* AccessIT.swift */,
				052066B6289E207000DE1A60 /* PbiRate.swift */,
				0579935A28A72E8F0047061F /* PoornessRate.swift */,
				05219D3F28AB483100E7995D /* HomeAdultRate.swift */,
				054B914028B097F9006B78F1 /* UnemploymentRate.swift */,
			);
			path = Model;
			sourceTree = "<group>";
		};
		05ACB4A6286157F700E9B330 /* View */ = {
			isa = PBXGroup;
			children = (
				05ACB4A72861580600E9B330 /* DensityPopulationChart.swift */,
				05E489E4286810DB00E9D028 /* GrowingRateChart.swift */,
				056BE3CB286AB04500D17994 /* NatalityRateChart.swift */,
				05C9663E2898D58200CA1E97 /* AvailabiltyServiceChart.swift */,
				053C530B289B557E00ADF315 /* AccessItChart.swift */,
				052066B8289E226400DE1A60 /* pbiEvolutionChart.swift */,
				0579935C28A72EB20047061F /* PoornessChart.swift */,
				0534A65028AC6F860048B9A6 /* HomeAdultChart.swift */,
				054B914228B0980A006B78F1 /* UnemploymentChart.swift */,
			);
			path = View;
			sourceTree = "<group>";
		};
/* End PBXGroup section */

/* Begin PBXNativeTarget section */
		05ACB4752861521B00E9B330 /* Charts-SwiftUI */ = {
			isa = PBXNativeTarget;
			buildConfigurationList = 05ACB49A2861521D00E9B330 /* Build configuration list for PBXNativeTarget "Charts-SwiftUI" */;
			buildPhases = (
				05ACB4722861521B00E9B330 /* Sources */,
				05ACB4732861521B00E9B330 /* Frameworks */,
				05ACB4742861521B00E9B330 /* Resources */,
			);
			buildRules = (
			);
			dependencies = (
			);
			name = "Charts-SwiftUI";
			productName = "Charts-SwiftUI";
			productReference = 05ACB4762861521B00E9B330 /* Charts-SwiftUI.app */;
			productType = "com.apple.product-type.application";
		};
		05ACB4852861521D00E9B330 /* Charts-SwiftUITests */ = {
			isa = PBXNativeTarget;
			buildConfigurationList = 05ACB49D2861521D00E9B330 /* Build configuration list for PBXNativeTarget "Charts-SwiftUITests" */;
			buildPhases = (
				05ACB4822861521D00E9B330 /* Sources */,
				05ACB4832861521D00E9B330 /* Frameworks */,
				05ACB4842861521D00E9B330 /* Resources */,
			);
			buildRules = (
			);
			dependencies = (
				05ACB4882861521D00E9B330 /* PBXTargetDependency */,
			);
			name = "Charts-SwiftUITests";
			productName = "Charts-SwiftUITests";
			productReference = 05ACB4862861521D00E9B330 /* Charts-SwiftUITests.xctest */;
			productType = "com.apple.product-type.bundle.unit-test";
		};
		05ACB48F2861521D00E9B330 /* Charts-SwiftUIUITests */ = {
			isa = PBXNativeTarget;
			buildConfigurationList = 05ACB4A02861521D00E9B330 /* Build configuration list for PBXNativeTarget "Charts-SwiftUIUITests" */;
			buildPhases = (
				05ACB48C2861521D00E9B330 /* Sources */,
				05ACB48D2861521D00E9B330 /* Frameworks */,
				05ACB48E2861521D00E9B330 /* Resources */,
			);
			buildRules = (
			);
			dependencies = (
				05ACB4922861521D00E9B330 /* PBXTargetDependency */,
			);
			name = "Charts-SwiftUIUITests";
			productName = "Charts-SwiftUIUITests";
			productReference = 05ACB4902861521D00E9B330 /* Charts-SwiftUIUITests.xctest */;
			productType = "com.apple.product-type.bundle.ui-testing";
		};
/* End PBXNativeTarget section */

/* Begin PBXProject section */
		05ACB46E2861521B00E9B330 /* Project object */ = {
			isa = PBXProject;
			attributes = {
				BuildIndependentTargetsInParallel = 1;
				LastSwiftUpdateCheck = 1400;
				LastUpgradeCheck = 1400;
				TargetAttributes = {
					05ACB4752861521B00E9B330 = {
						CreatedOnToolsVersion = 14.0;
					};
					05ACB4852861521D00E9B330 = {
						CreatedOnToolsVersion = 14.0;
						TestTargetID = 05ACB4752861521B00E9B330;
					};
					05ACB48F2861521D00E9B330 = {
						CreatedOnToolsVersion = 14.0;
						TestTargetID = 05ACB4752861521B00E9B330;
					};
				};
			};
			buildConfigurationList = 05ACB4712861521B00E9B330 /* Build configuration list for PBXProject "Charts-SwiftUI" */;
			compatibilityVersion = "Xcode 14.0";
			developmentRegion = en;
			hasScannedForEncodings = 0;
			knownRegions = (
				en,
				Base,
			);
			mainGroup = 05ACB46D2861521B00E9B330;
			productRefGroup = 05ACB4772861521B00E9B330 /* Products */;
			projectDirPath = "";
			projectRoot = "";
			targets = (
				05ACB4752861521B00E9B330 /* Charts-SwiftUI */,
				05ACB4852861521D00E9B330 /* Charts-SwiftUITests */,
				05ACB48F2861521D00E9B330 /* Charts-SwiftUIUITests */,
			);
		};
/* End PBXProject section */

/* Begin PBXResourcesBuildPhase section */
		05ACB4742861521B00E9B330 /* Resources */ = {
			isa = PBXResourcesBuildPhase;
			buildActionMask = 2147483647;
			files = (
				05ACB4812861521C00E9B330 /* Preview Assets.xcassets in Resources */,
				05ACB47E2861521C00E9B330 /* Assets.xcassets in Resources */,
			);
			runOnlyForDeploymentPostprocessing = 0;
		};
		05ACB4842861521D00E9B330 /* Resources */ = {
			isa = PBXResourcesBuildPhase;
			buildActionMask = 2147483647;
			files = (
			);
			runOnlyForDeploymentPostprocessing = 0;
		};
		05ACB48E2861521D00E9B330 /* Resources */ = {
			isa = PBXResourcesBuildPhase;
			buildActionMask = 2147483647;
			files = (
			);
			runOnlyForDeploymentPostprocessing = 0;
		};
/* End PBXResourcesBuildPhase section */

/* Begin PBXSourcesBuildPhase section */
		05ACB4722861521B00E9B330 /* Sources */ = {
			isa = PBXSourcesBuildPhase;
			buildActionMask = 2147483647;
			files = (
				052066B9289E226400DE1A60 /* pbiEvolutionChart.swift in Sources */,
				054B914328B0980A006B78F1 /* UnemploymentChart.swift in Sources */,
				05ACB4A82861580600E9B330 /* DensityPopulationChart.swift in Sources */,
				052066B7289E207000DE1A60 /* PbiRate.swift in Sources */,
				05E489E72868110D00E9D028 /* GrowingRate.swift in Sources */,
				0579935B28A72E8F0047061F /* PoornessRate.swift in Sources */,
				05E489E5286810DB00E9D028 /* GrowingRateChart.swift in Sources */,
				0534A65128AC6F860048B9A6 /* HomeAdultChart.swift in Sources */,
				05219D4028AB483100E7995D /* HomeAdultRate.swift in Sources */,
				053C530C289B557E00ADF315 /* AccessItChart.swift in Sources */,
				05ACB4A52861537A00E9B330 /* CountryPopulation.swift in Sources */,
				056BE3CC286AB04500D17994 /* NatalityRateChart.swift in Sources */,
				0579935D28A72EB20047061F /* PoornessChart.swift in Sources */,
				05ACB47C2861521B00E9B330 /* ContentView.swift in Sources */,
				054B914128B097F9006B78F1 /* UnemploymentRate.swift in Sources */,
				05ACB47A2861521B00E9B330 /* Charts_SwiftUIApp.swift in Sources */,
				053C530A289B534F00ADF315 /* AccessIT.swift in Sources */,
				056BE3CE286AB09E00D17994 /* NatalityRate.swift in Sources */,
				05C9663D2898D1AD00CA1E97 /* HomeBasicService.swift in Sources */,
				05C9663F2898D58200CA1E97 /* AvailabiltyServiceChart.swift in Sources */,
			);
			runOnlyForDeploymentPostprocessing = 0;
		};
		05ACB4822861521D00E9B330 /* Sources */ = {
			isa = PBXSourcesBuildPhase;
			buildActionMask = 2147483647;
			files = (
				05ACB48B2861521D00E9B330 /* Charts_SwiftUITests.swift in Sources */,
			);
			runOnlyForDeploymentPostprocessing = 0;
		};
		05ACB48C2861521D00E9B330 /* Sources */ = {
			isa = PBXSourcesBuildPhase;
			buildActionMask = 2147483647;
			files = (
				05ACB4952861521D00E9B330 /* Charts_SwiftUIUITests.swift in Sources */,
				05ACB4972861521D00E9B330 /* Charts_SwiftUIUITestsLaunchTests.swift in Sources */,
			);
			runOnlyForDeploymentPostprocessing = 0;
		};
/* End PBXSourcesBuildPhase section */

/* Begin PBXTargetDependency section */
		05ACB4882861521D00E9B330 /* PBXTargetDependency */ = {
			isa = PBXTargetDependency;
			target = 05ACB4752861521B00E9B330 /* Charts-SwiftUI */;
			targetProxy = 05ACB4872861521D00E9B330 /* PBXContainerItemProxy */;
		};
		05ACB4922861521D00E9B330 /* PBXTargetDependency */ = {
			isa = PBXTargetDependency;
			target = 05ACB4752861521B00E9B330 /* Charts-SwiftUI */;
			targetProxy = 05ACB4912861521D00E9B330 /* PBXContainerItemProxy */;
		};
/* End PBXTargetDependency section */

/* Begin XCBuildConfiguration section */
		05ACB4982861521D00E9B330 /* Debug */ = {
			isa = XCBuildConfiguration;
			buildSettings = {
				ALWAYS_SEARCH_USER_PATHS = NO;
				CLANG_ANALYZER_NONNULL = YES;
				CLANG_ANALYZER_NUMBER_OBJECT_CONVERSION = YES_AGGRESSIVE;
				CLANG_CXX_LANGUAGE_STANDARD = "gnu++17";
				CLANG_ENABLE_MODULES = YES;
				CLANG_ENABLE_OBJC_ARC = YES;
				CLANG_ENABLE_OBJC_WEAK = YES;
				CLANG_WARN_BLOCK_CAPTURE_AUTORELEASING = YES;
				CLANG_WARN_BOOL_CONVERSION = YES;
				CLANG_WARN_COMMA = YES;
				CLANG_WARN_CONSTANT_CONVERSION = YES;
				CLANG_WARN_DEPRECATED_OBJC_IMPLEMENTATIONS = YES;
				CLANG_WARN_DIRECT_OBJC_ISA_USAGE = YES_ERROR;
				CLANG_WARN_DOCUMENTATION_COMMENTS = YES;
				CLANG_WARN_EMPTY_BODY = YES;
				CLANG_WARN_ENUM_CONVERSION = YES;
				CLANG_WARN_INFINITE_RECURSION = YES;
				CLANG_WARN_INT_CONVERSION = YES;
				CLANG_WARN_NON_LITERAL_NULL_CONVERSION = YES;
				CLANG_WARN_OBJC_IMPLICIT_RETAIN_SELF = YES;
				CLANG_WARN_OBJC_LITERAL_CONVERSION = YES;
				CLANG_WARN_OBJC_ROOT_CLASS = YES_ERROR;
				CLANG_WARN_QUOTED_INCLUDE_IN_FRAMEWORK_HEADER = YES;
				CLANG_WARN_RANGE_LOOP_ANALYSIS = YES;
				CLANG_WARN_STRICT_PROTOTYPES = YES;
				CLANG_WARN_SUSPICIOUS_MOVE = YES;
				CLANG_WARN_UNGUARDED_AVAILABILITY = YES_AGGRESSIVE;
				CLANG_WARN_UNREACHABLE_CODE = YES;
				CLANG_WARN__DUPLICATE_METHOD_MATCH = YES;
				COPY_PHASE_STRIP = NO;
				DEBUG_INFORMATION_FORMAT = dwarf;
				ENABLE_STRICT_OBJC_MSGSEND = YES;
				ENABLE_TESTABILITY = YES;
				GCC_C_LANGUAGE_STANDARD = gnu11;
				GCC_DYNAMIC_NO_PIC = NO;
				GCC_NO_COMMON_BLOCKS = YES;
				GCC_OPTIMIZATION_LEVEL = 0;
				GCC_PREPROCESSOR_DEFINITIONS = (
					"DEBUG=1",
					"$(inherited)",
				);
				GCC_WARN_64_TO_32_BIT_CONVERSION = YES;
				GCC_WARN_ABOUT_RETURN_TYPE = YES_ERROR;
				GCC_WARN_UNDECLARED_SELECTOR = YES;
				GCC_WARN_UNINITIALIZED_AUTOS = YES_AGGRESSIVE;
				GCC_WARN_UNUSED_FUNCTION = YES;
				GCC_WARN_UNUSED_VARIABLE = YES;
				IPHONEOS_DEPLOYMENT_TARGET = 16.0;
				MTL_ENABLE_DEBUG_INFO = INCLUDE_SOURCE;
				MTL_FAST_MATH = YES;
				ONLY_ACTIVE_ARCH = YES;
				SDKROOT = iphoneos;
				SWIFT_ACTIVE_COMPILATION_CONDITIONS = DEBUG;
				SWIFT_OPTIMIZATION_LEVEL = "-Onone";
			};
			name = Debug;
		};
		05ACB4992861521D00E9B330 /* Release */ = {
			isa = XCBuildConfiguration;
			buildSettings = {
				ALWAYS_SEARCH_USER_PATHS = NO;
				CLANG_ANALYZER_NONNULL = YES;
				CLANG_ANALYZER_NUMBER_OBJECT_CONVERSION = YES_AGGRESSIVE;
				CLANG_CXX_LANGUAGE_STANDARD = "gnu++17";
				CLANG_ENABLE_MODULES = YES;
				CLANG_ENABLE_OBJC_ARC = YES;
				CLANG_ENABLE_OBJC_WEAK = YES;
				CLANG_WARN_BLOCK_CAPTURE_AUTORELEASING = YES;
				CLANG_WARN_BOOL_CONVERSION = YES;
				CLANG_WARN_COMMA = YES;
				CLANG_WARN_CONSTANT_CONVERSION = YES;
				CLANG_WARN_DEPRECATED_OBJC_IMPLEMENTATIONS = YES;
				CLANG_WARN_DIRECT_OBJC_ISA_USAGE = YES_ERROR;
				CLANG_WARN_DOCUMENTATION_COMMENTS = YES;
				CLANG_WARN_EMPTY_BODY = YES;
				CLANG_WARN_ENUM_CONVERSION = YES;
				CLANG_WARN_INFINITE_RECURSION = YES;
				CLANG_WARN_INT_CONVERSION = YES;
				CLANG_WARN_NON_LITERAL_NULL_CONVERSION = YES;
				CLANG_WARN_OBJC_IMPLICIT_RETAIN_SELF = YES;
				CLANG_WARN_OBJC_LITERAL_CONVERSION = YES;
				CLANG_WARN_OBJC_ROOT_CLASS = YES_ERROR;
				CLANG_WARN_QUOTED_INCLUDE_IN_FRAMEWORK_HEADER = YES;
				CLANG_WARN_RANGE_LOOP_ANALYSIS = YES;
				CLANG_WARN_STRICT_PROTOTYPES = YES;
				CLANG_WARN_SUSPICIOUS_MOVE = YES;
				CLANG_WARN_UNGUARDED_AVAILABILITY = YES_AGGRESSIVE;
				CLANG_WARN_UNREACHABLE_CODE = YES;
				CLANG_WARN__DUPLICATE_METHOD_MATCH = YES;
				COPY_PHASE_STRIP = NO;
				DEBUG_INFORMATION_FORMAT = "dwarf-with-dsym";
				ENABLE_NS_ASSERTIONS = NO;
				ENABLE_STRICT_OBJC_MSGSEND = YES;
				GCC_C_LANGUAGE_STANDARD = gnu11;
				GCC_NO_COMMON_BLOCKS = YES;
				GCC_WARN_64_TO_32_BIT_CONVERSION = YES;
				GCC_WARN_ABOUT_RETURN_TYPE = YES_ERROR;
				GCC_WARN_UNDECLARED_SELECTOR = YES;
				GCC_WARN_UNINITIALIZED_AUTOS = YES_AGGRESSIVE;
				GCC_WARN_UNUSED_FUNCTION = YES;
				GCC_WARN_UNUSED_VARIABLE = YES;
				IPHONEOS_DEPLOYMENT_TARGET = 16.0;
				MTL_ENABLE_DEBUG_INFO = NO;
				MTL_FAST_MATH = YES;
				SDKROOT = iphoneos;
				SWIFT_COMPILATION_MODE = wholemodule;
				SWIFT_OPTIMIZATION_LEVEL = "-O";
				VALIDATE_PRODUCT = YES;
			};
			name = Release;
		};
		05ACB49B2861521D00E9B330 /* Debug */ = {
			isa = XCBuildConfiguration;
			buildSettings = {
				ASSETCATALOG_COMPILER_APPICON_NAME = AppIcon;
				ASSETCATALOG_COMPILER_GLOBAL_ACCENT_COLOR_NAME = AccentColor;
				CODE_SIGN_STYLE = Automatic;
				CURRENT_PROJECT_VERSION = 1;
				DEVELOPMENT_ASSET_PATHS = "\"Charts-SwiftUI/Preview Content\"";
				ENABLE_PREVIEWS = YES;
				GENERATE_INFOPLIST_FILE = YES;
				INFOPLIST_KEY_UIApplicationSceneManifest_Generation = YES;
				INFOPLIST_KEY_UIApplicationSupportsIndirectInputEvents = YES;
				INFOPLIST_KEY_UILaunchScreen_Generation = YES;
				INFOPLIST_KEY_UISupportedInterfaceOrientations_iPad = "UIInterfaceOrientationPortrait UIInterfaceOrientationPortraitUpsideDown UIInterfaceOrientationLandscapeLeft UIInterfaceOrientationLandscapeRight";
				INFOPLIST_KEY_UISupportedInterfaceOrientations_iPhone = "UIInterfaceOrientationPortrait UIInterfaceOrientationLandscapeLeft UIInterfaceOrientationLandscapeRight";
				LD_RUNPATH_SEARCH_PATHS = (
					"$(inherited)",
					"@executable_path/Frameworks",
				);
				MARKETING_VERSION = 1.0;
				PRODUCT_BUNDLE_IDENTIFIER = "com.aldair.dev369.Charts-SwiftUI";
				PRODUCT_NAME = "$(TARGET_NAME)";
				SWIFT_EMIT_LOC_STRINGS = YES;
				SWIFT_VERSION = 5.0;
				TARGETED_DEVICE_FAMILY = "1,2";
			};
			name = Debug;
		};
		05ACB49C2861521D00E9B330 /* Release */ = {
			isa = XCBuildConfiguration;
			buildSettings = {
				ASSETCATALOG_COMPILER_APPICON_NAME = AppIcon;
				ASSETCATALOG_COMPILER_GLOBAL_ACCENT_COLOR_NAME = AccentColor;
				CODE_SIGN_STYLE = Automatic;
				CURRENT_PROJECT_VERSION = 1;
				DEVELOPMENT_ASSET_PATHS = "\"Charts-SwiftUI/Preview Content\"";
				ENABLE_PREVIEWS = YES;
				GENERATE_INFOPLIST_FILE = YES;
				INFOPLIST_KEY_UIApplicationSceneManifest_Generation = YES;
				INFOPLIST_KEY_UIApplicationSupportsIndirectInputEvents = YES;
				INFOPLIST_KEY_UILaunchScreen_Generation = YES;
				INFOPLIST_KEY_UISupportedInterfaceOrientations_iPad = "UIInterfaceOrientationPortrait UIInterfaceOrientationPortraitUpsideDown UIInterfaceOrientationLandscapeLeft UIInterfaceOrientationLandscapeRight";
				INFOPLIST_KEY_UISupportedInterfaceOrientations_iPhone = "UIInterfaceOrientationPortrait UIInterfaceOrientationLandscapeLeft UIInterfaceOrientationLandscapeRight";
				LD_RUNPATH_SEARCH_PATHS = (
					"$(inherited)",
					"@executable_path/Frameworks",
				);
				MARKETING_VERSION = 1.0;
				PRODUCT_BUNDLE_IDENTIFIER = "com.aldair.dev369.Charts-SwiftUI";
				PRODUCT_NAME = "$(TARGET_NAME)";
				SWIFT_EMIT_LOC_STRINGS = YES;
				SWIFT_VERSION = 5.0;
				TARGETED_DEVICE_FAMILY = "1,2";
			};
			name = Release;
		};
		05ACB49E2861521D00E9B330 /* Debug */ = {
			isa = XCBuildConfiguration;
			buildSettings = {
				ALWAYS_EMBED_SWIFT_STANDARD_LIBRARIES = YES;
				BUNDLE_LOADER = "$(TEST_HOST)";
				CODE_SIGN_STYLE = Automatic;
				CURRENT_PROJECT_VERSION = 1;
				GENERATE_INFOPLIST_FILE = YES;
				IPHONEOS_DEPLOYMENT_TARGET = 16.0;
				MARKETING_VERSION = 1.0;
				PRODUCT_BUNDLE_IDENTIFIER = "com.aldair.dev369.Charts-SwiftUITests";
				PRODUCT_NAME = "$(TARGET_NAME)";
				SWIFT_EMIT_LOC_STRINGS = NO;
				SWIFT_VERSION = 5.0;
				TARGETED_DEVICE_FAMILY = "1,2";
				TEST_HOST = "$(BUILT_PRODUCTS_DIR)/Charts-SwiftUI.app/$(BUNDLE_EXECUTABLE_FOLDER_PATH)/Charts-SwiftUI";
			};
			name = Debug;
		};
		05ACB49F2861521D00E9B330 /* Release */ = {
			isa = XCBuildConfiguration;
			buildSettings = {
				ALWAYS_EMBED_SWIFT_STANDARD_LIBRARIES = YES;
				BUNDLE_LOADER = "$(TEST_HOST)";
				CODE_SIGN_STYLE = Automatic;
				CURRENT_PROJECT_VERSION = 1;
				GENERATE_INFOPLIST_FILE = YES;
				IPHONEOS_DEPLOYMENT_TARGET = 16.0;
				MARKETING_VERSION = 1.0;
				PRODUCT_BUNDLE_IDENTIFIER = "com.aldair.dev369.Charts-SwiftUITests";
				PRODUCT_NAME = "$(TARGET_NAME)";
				SWIFT_EMIT_LOC_STRINGS = NO;
				SWIFT_VERSION = 5.0;
				TARGETED_DEVICE_FAMILY = "1,2";
				TEST_HOST = "$(BUILT_PRODUCTS_DIR)/Charts-SwiftUI.app/$(BUNDLE_EXECUTABLE_FOLDER_PATH)/Charts-SwiftUI";
			};
			name = Release;
		};
		05ACB4A12861521D00E9B330 /* Debug */ = {
			isa = XCBuildConfiguration;
			buildSettings = {
				ALWAYS_EMBED_SWIFT_STANDARD_LIBRARIES = YES;
				CODE_SIGN_STYLE = Automatic;
				CURRENT_PROJECT_VERSION = 1;
				GENERATE_INFOPLIST_FILE = YES;
				MARKETING_VERSION = 1.0;
				PRODUCT_BUNDLE_IDENTIFIER = "com.aldair.dev369.Charts-SwiftUIUITests";
				PRODUCT_NAME = "$(TARGET_NAME)";
				SWIFT_EMIT_LOC_STRINGS = NO;
				SWIFT_VERSION = 5.0;
				TARGETED_DEVICE_FAMILY = "1,2";
				TEST_TARGET_NAME = "Charts-SwiftUI";
			};
			name = Debug;
		};
		05ACB4A22861521D00E9B330 /* Release */ = {
			isa = XCBuildConfiguration;
			buildSettings = {
				ALWAYS_EMBED_SWIFT_STANDARD_LIBRARIES = YES;
				CODE_SIGN_STYLE = Automatic;
				CURRENT_PROJECT_VERSION = 1;
				GENERATE_INFOPLIST_FILE = YES;
				MARKETING_VERSION = 1.0;
				PRODUCT_BUNDLE_IDENTIFIER = "com.aldair.dev369.Charts-SwiftUIUITests";
				PRODUCT_NAME = "$(TARGET_NAME)";
				SWIFT_EMIT_LOC_STRINGS = NO;
				SWIFT_VERSION = 5.0;
				TARGETED_DEVICE_FAMILY = "1,2";
				TEST_TARGET_NAME = "Charts-SwiftUI";
			};
			name = Release;
		};
/* End XCBuildConfiguration section */

/* Begin XCConfigurationList section */
		05ACB4712861521B00E9B330 /* Build configuration list for PBXProject "Charts-SwiftUI" */ = {
			isa = XCConfigurationList;
			buildConfigurations = (
				05ACB4982861521D00E9B330 /* Debug */,
				05ACB4992861521D00E9B330 /* Release */,
			);
			defaultConfigurationIsVisible = 0;
			defaultConfigurationName = Release;
		};
		05ACB49A2861521D00E9B330 /* Build configuration list for PBXNativeTarget "Charts-SwiftUI" */ = {
			isa = XCConfigurationList;
			buildConfigurations = (
				05ACB49B2861521D00E9B330 /* Debug */,
				05ACB49C2861521D00E9B330 /* Release */,
			);
			defaultConfigurationIsVisible = 0;
			defaultConfigurationName = Release;
		};
		05ACB49D2861521D00E9B330 /* Build configuration list for PBXNativeTarget "Charts-SwiftUITests" */ = {
			isa = XCConfigurationList;
			buildConfigurations = (
				05ACB49E2861521D00E9B330 /* Debug */,
				05ACB49F2861521D00E9B330 /* Release */,
			);
			defaultConfigurationIsVisible = 0;
			defaultConfigurationName = Release;
		};
		05ACB4A02861521D00E9B330 /* Build configuration list for PBXNativeTarget "Charts-SwiftUIUITests" */ = {
			isa = XCConfigurationList;
			buildConfigurations = (
				05ACB4A12861521D00E9B330 /* Debug */,
				05ACB4A22861521D00E9B330 /* Release */,
			);
			defaultConfigurationIsVisible = 0;
			defaultConfigurationName = Release;
		};
/* End XCConfigurationList section */
	};
	rootObject = 05ACB46E2861521B00E9B330 /* Project object */;
}
